
Microsoft Visual Studio Solution File, Format Version 12.00
# Visual Studio Version 17
VisualStudioVersion = 17.11.35222.181
MinimumVisualStudioVersion = 10.0.40219.1
Project("{2150E333-8FDC-42A3-9474-1A3956D46DE8}") = "Application", "Application", "{3E79D895-D3E8-4E27-BD17-49DBA9F01594}"
EndProject
Project("{2150E333-8FDC-42A3-9474-1A3956D46DE8}") = "Domain", "Domain", "{6A34801E-55E2-4F77-9BD7-0F3DA2742F15}"
EndProject
Project("{2150E333-8FDC-42A3-9474-1A3956D46DE8}") = "Infrastructure", "Infrastructure", "{FE694634-85DC-4C73-A53C-D5BB3A6E0968}"
EndProject
Project("{2150E333-8FDC-42A3-9474-1A3956D46DE8}") = "Services", "Services", "{04DEDF3E-85BC-40BA-8A5D-0B6B8484152E}"
EndProject
Project("{2150E333-8FDC-42A3-9474-1A3956D46DE8}") = "Utilities", "Utilities", "{F505F46E-3ECC-4DC3-A8EC-F78A1E2E06F7}"
EndProject
Project("{FAE04EC0-301F-11D3-BF4B-00C04F79EFBC}") = "CHURCH.Domain", "src\CHURCH.Domain\CHURCH.Domain.csproj", "{8C2600E0-E149-4BD4-822A-8E9591D2347F}"
EndProject
Project("{FAE04EC0-301F-11D3-BF4B-00C04F79EFBC}") = "CHURCH.Infrastruture", "src\CHURCH.Infrastruture\CHURCH.Infrastruture.csproj", "{0DFD70EA-82BC-4E40-A0E1-DD2839D06594}"
EndProject
Project("{FAE04EC0-301F-11D3-BF4B-00C04F79EFBC}") = "CHURCH.Persistence", "src\CHURCH.Persistence\CHURCH.Persistence.csproj", "{ACD66A68-DD8E-4474-A1D4-A6BF3BCD8A3F}"
EndProject
Project("{FAE04EC0-301F-11D3-BF4B-00C04F79EFBC}") = "CHURCH.Application.Dtos", "src\CHURCH.Application.Dtos\CHURCH.Application.Dtos.csproj", "{75D7ED7A-0B02-4FA2-8104-F6A1B6F9C0EE}"
EndProject
Project("{FAE04EC0-301F-11D3-BF4B-00C04F79EFBC}") = "CHURCH.Application.Interface", "src\CHURCH.Application.Interface\CHURCH.Application.Interface.csproj", "{B4B254C4-49F5-4C0E-83F6-968078B393B2}"
EndProject
Project("{FAE04EC0-301F-11D3-BF4B-00C04F79EFBC}") = "CHURCH.Application.UseCase", "src\CHURCH.Application.UseCase\CHURCH.Application.UseCase.csproj", "{9C8139FB-B7EF-4CEB-84C1-7FCC447D4984}"
EndProject
Project("{FAE04EC0-301F-11D3-BF4B-00C04F79EFBC}") = "CHURCH.Api", "src\CHURCH.Api\CHURCH.Api.csproj", "{C892FCAC-F85B-46C4-ACAD-99FA07D2D059}"
EndProject
Project("{FAE04EC0-301F-11D3-BF4B-00C04F79EFBC}") = "CHURCH.Utilities", "src\CHURCH.Utilities\CHURCH.Utilities.csproj", "{88F9A8C7-6B4A-4A7B-A8CB-5B109FD08E1B}"
EndProject
Global
	GlobalSection(SolutionConfigurationPlatforms) = preSolution
		Debug|Any CPU = Debug|Any CPU
		Release|Any CPU = Release|Any CPU
	EndGlobalSection
	GlobalSection(ProjectConfigurationPlatforms) = postSolution
		{8C2600E0-E149-4BD4-822A-8E9591D2347F}.Debug|Any CPU.ActiveCfg = Debug|Any CPU
		{8C2600E0-E149-4BD4-822A-8E9591D2347F}.Debug|Any CPU.Build.0 = Debug|Any CPU
		{8C2600E0-E149-4BD4-822A-8E9591D2347F}.Release|Any CPU.ActiveCfg = Release|Any CPU
		{8C2600E0-E149-4BD4-822A-8E9591D2347F}.Release|Any CPU.Build.0 = Release|Any CPU
		{0DFD70EA-82BC-4E40-A0E1-DD2839D06594}.Debug|Any CPU.ActiveCfg = Debug|Any CPU
		{0DFD70EA-82BC-4E40-A0E1-DD2839D06594}.Debug|Any CPU.Build.0 = Debug|Any CPU
		{0DFD70EA-82BC-4E40-A0E1-DD2839D06594}.Release|Any CPU.ActiveCfg = Release|Any CPU
		{0DFD70EA-82BC-4E40-A0E1-DD2839D06594}.Release|Any CPU.Build.0 = Release|Any CPU
		{ACD66A68-DD8E-4474-A1D4-A6BF3BCD8A3F}.Debug|Any CPU.ActiveCfg = Debug|Any CPU
		{ACD66A68-DD8E-4474-A1D4-A6BF3BCD8A3F}.Debug|Any CPU.Build.0 = Debug|Any CPU
		{ACD66A68-DD8E-4474-A1D4-A6BF3BCD8A3F}.Release|Any CPU.ActiveCfg = Release|Any CPU
		{ACD66A68-DD8E-4474-A1D4-A6BF3BCD8A3F}.Release|Any CPU.Build.0 = Release|Any CPU
		{75D7ED7A-0B02-4FA2-8104-F6A1B6F9C0EE}.Debug|Any CPU.ActiveCfg = Debug|Any CPU
		{75D7ED7A-0B02-4FA2-8104-F6A1B6F9C0EE}.Debug|Any CPU.Build.0 = Debug|Any CPU
		{75D7ED7A-0B02-4FA2-8104-F6A1B6F9C0EE}.Release|Any CPU.ActiveCfg = Release|Any CPU
		{75D7ED7A-0B02-4FA2-8104-F6A1B6F9C0EE}.Release|Any CPU.Build.0 = Release|Any CPU
		{B4B254C4-49F5-4C0E-83F6-968078B393B2}.Debug|Any CPU.ActiveCfg = Debug|Any CPU
		{B4B254C4-49F5-4C0E-83F6-968078B393B2}.Debug|Any CPU.Build.0 = Debug|Any CPU
		{B4B254C4-49F5-4C0E-83F6-968078B393B2}.Release|Any CPU.ActiveCfg = Release|Any CPU
		{B4B254C4-49F5-4C0E-83F6-968078B393B2}.Release|Any CPU.Build.0 = Release|Any CPU
		{9C8139FB-B7EF-4CEB-84C1-7FCC447D4984}.Debug|Any CPU.ActiveCfg = Debug|Any CPU
		{9C8139FB-B7EF-4CEB-84C1-7FCC447D4984}.Debug|Any CPU.Build.0 = Debug|Any CPU
		{9C8139FB-B7EF-4CEB-84C1-7FCC447D4984}.Release|Any CPU.ActiveCfg = Release|Any CPU
		{9C8139FB-B7EF-4CEB-84C1-7FCC447D4984}.Release|Any CPU.Build.0 = Release|Any CPU
		{C892FCAC-F85B-46C4-ACAD-99FA07D2D059}.Debug|Any CPU.ActiveCfg = Debug|Any CPU
		{C892FCAC-F85B-46C4-ACAD-99FA07D2D059}.Debug|Any CPU.Build.0 = Debug|Any CPU
		{C892FCAC-F85B-46C4-ACAD-99FA07D2D059}.Release|Any CPU.ActiveCfg = Release|Any CPU
		{C892FCAC-F85B-46C4-ACAD-99FA07D2D059}.Release|Any CPU.Build.0 = Release|Any CPU
		{88F9A8C7-6B4A-4A7B-A8CB-5B109FD08E1B}.Debug|Any CPU.ActiveCfg = Debug|Any CPU
		{88F9A8C7-6B4A-4A7B-A8CB-5B109FD08E1B}.Debug|Any CPU.Build.0 = Debug|Any CPU
		{88F9A8C7-6B4A-4A7B-A8CB-5B109FD08E1B}.Release|Any CPU.ActiveCfg = Release|Any CPU
		{88F9A8C7-6B4A-4A7B-A8CB-5B109FD08E1B}.Release|Any CPU.Build.0 = Release|Any CPU
	EndGlobalSection
	GlobalSection(SolutionProperties) = preSolution
		HideSolutionNode = FALSE
	EndGlobalSection
	GlobalSection(NestedProjects) = preSolution
		{8C2600E0-E149-4BD4-822A-8E9591D2347F} = {6A34801E-55E2-4F77-9BD7-0F3DA2742F15}
		{0DFD70EA-82BC-4E40-A0E1-DD2839D06594} = {FE694634-85DC-4C73-A53C-D5BB3A6E0968}
		{ACD66A68-DD8E-4474-A1D4-A6BF3BCD8A3F} = {FE694634-85DC-4C73-A53C-D5BB3A6E0968}
		{75D7ED7A-0B02-4FA2-8104-F6A1B6F9C0EE} = {3E79D895-D3E8-4E27-BD17-49DBA9F01594}
		{B4B254C4-49F5-4C0E-83F6-968078B393B2} = {3E79D895-D3E8-4E27-BD17-49DBA9F01594}
		{9C8139FB-B7EF-4CEB-84C1-7FCC447D4984} = {3E79D895-D3E8-4E27-BD17-49DBA9F01594}
		{C892FCAC-F85B-46C4-ACAD-99FA07D2D059} = {04DEDF3E-85BC-40BA-8A5D-0B6B8484152E}
		{88F9A8C7-6B4A-4A7B-A8CB-5B109FD08E1B} = {F505F46E-3ECC-4DC3-A8EC-F78A1E2E06F7}
	EndGlobalSection
	GlobalSection(ExtensibilityGlobals) = postSolution
		SolutionGuid = {142CA4E9-DC0B-40BA-9919-1073CA29AF6D}
	EndGlobalSection
EndGlobal
